{
  "pins" : [
    {
      "identity" : "collectionscanner",
      "kind" : "remoteSourceControl",
      "location" : "https://github.com/BjornRuud/CollectionScanner.git",
      "state" : {
        "branch" : "main",
        "revision" : "668c38adb162fade4ceeabeb963a0cbfcc9dd2a6"
      }
    }
  ],
  "version" : 2
}
