{
  "pins" : [
    {
      "identity" : "collectionscanner",
      "kind" : "remoteSourceControl",
      "location" : "https://github.com/BjornRuud/CollectionScanner.git",
      "state" : {
        "branch" : "main",
        "revision" : "44b6195f6e3b57a3293b0dcbb93400a340b8ab38"
      }
    }
  ],
  "version" : 2
}
