{
  "pins" : [
    {
      "identity" : "collectionscanner",
      "kind" : "remoteSourceControl",
      "location" : "https://github.com/BjornRuud/CollectionScanner.git",
      "state" : {
        "branch" : "main",
        "revision" : "67f46448fc8b0a38b8e201b0beed93b57f149024"
      }
    }
  ],
  "version" : 2
}
